
Microsoft Visual Studio Solution File, Format Version 12.00
# Visual Studio Version 17
VisualStudioVersion = 17.5.33530.505
MinimumVisualStudioVersion = 10.0.40219.1
Project("{9A19103F-16F7-4668-BE54-9A1E7A4F7556}") = "proyecto2023", "proyecto2023\proyecto2023.csproj", "{F9835C6F-EB5F-4874-B94D-ABC15A366221}"
EndProject
Project("{00D1A9C2-B5F0-4AF3-8072-F6C62B433612}") = "EsteticaIntDatabase", "EsteticaDatabase\EsteticaIntDatabase.sqlproj", "{A55CF0F4-3CBD-4265-90C2-60B5F4AAED8E}"
EndProject
Global
	GlobalSection(SolutionConfigurationPlatforms) = preSolution
		Debug|Any CPU = Debug|Any CPU
		Release|Any CPU = Release|Any CPU
	EndGlobalSection
	GlobalSection(ProjectConfigurationPlatforms) = postSolution
		{F9835C6F-EB5F-4874-B94D-ABC15A366221}.Debug|Any CPU.ActiveCfg = Debug|Any CPU
		{F9835C6F-EB5F-4874-B94D-ABC15A366221}.Debug|Any CPU.Build.0 = Debug|Any CPU
		{F9835C6F-EB5F-4874-B94D-ABC15A366221}.Release|Any CPU.ActiveCfg = Release|Any CPU
		{F9835C6F-EB5F-4874-B94D-ABC15A366221}.Release|Any CPU.Build.0 = Release|Any CPU
		{A55CF0F4-3CBD-4265-90C2-60B5F4AAED8E}.Debug|Any CPU.ActiveCfg = Debug|Any CPU
		{A55CF0F4-3CBD-4265-90C2-60B5F4AAED8E}.Debug|Any CPU.Build.0 = Debug|Any CPU
		{A55CF0F4-3CBD-4265-90C2-60B5F4AAED8E}.Debug|Any CPU.Deploy.0 = Debug|Any CPU
		{A55CF0F4-3CBD-4265-90C2-60B5F4AAED8E}.Release|Any CPU.ActiveCfg = Release|Any CPU
		{A55CF0F4-3CBD-4265-90C2-60B5F4AAED8E}.Release|Any CPU.Build.0 = Release|Any CPU
		{A55CF0F4-3CBD-4265-90C2-60B5F4AAED8E}.Release|Any CPU.Deploy.0 = Release|Any CPU
	EndGlobalSection
	GlobalSection(SolutionProperties) = preSolution
		HideSolutionNode = FALSE
	EndGlobalSection
	GlobalSection(ExtensibilityGlobals) = postSolution
		SolutionGuid = {829F0EE6-BF3D-48B6-99BC-6138F8EE4581}
	EndGlobalSection
EndGlobal
